# spec-kit CLI Version Lock
# Generated: 2026-05-31

## Commit Hash
commit=3617cd9c0219092d778f81118110daf127918baf

## Version
version=0.8.19.dev0

## Source
source=git+https://github.com/github/spec-kit.git

## Dependencies
pyyaml>=6.0
rich>=15.0
click>=8.4
typer>=0.26

## Installation Command
uv tool install specify-cli --from git+https://github.com/github/spec-kit.git@3617cd9c0219092d778f81118110daf127918baf